
Microsoft Visual Studio Solution File, Format Version 12.00
# Visual Studio 2013
VisualStudioVersion = 12.0.30501.0
MinimumVisualStudioVersion = 10.0.40219.1
Project("{FAE04EC0-301F-11D3-BF4B-00C04F79EFBC}") = "Economy", "Economy\Economy.csproj", "{FB0C0289-A5FF-4E3C-8F2B-1A8EFF03B07D}"
EndProject
Project("{FAE04EC0-301F-11D3-BF4B-00C04F79EFBC}") = "Economy.Test", "Economy.Test\Economy.Test.csproj", "{9420E3AE-C9B4-4C7D-A35D-90870830B8D8}"
EndProject
Global
	GlobalSection(SolutionConfigurationPlatforms) = preSolution
		Debug|Any CPU = Debug|Any CPU
		Release|Any CPU = Release|Any CPU
	EndGlobalSection
	GlobalSection(ProjectConfigurationPlatforms) = postSolution
		{FB0C0289-A5FF-4E3C-8F2B-1A8EFF03B07D}.Debug|Any CPU.ActiveCfg = Debug|Any CPU
		{FB0C0289-A5FF-4E3C-8F2B-1A8EFF03B07D}.Debug|Any CPU.Build.0 = Debug|Any CPU
		{FB0C0289-A5FF-4E3C-8F2B-1A8EFF03B07D}.Release|Any CPU.ActiveCfg = Release|Any CPU
		{FB0C0289-A5FF-4E3C-8F2B-1A8EFF03B07D}.Release|Any CPU.Build.0 = Release|Any CPU
		{9420E3AE-C9B4-4C7D-A35D-90870830B8D8}.Debug|Any CPU.ActiveCfg = Debug|Any CPU
		{9420E3AE-C9B4-4C7D-A35D-90870830B8D8}.Debug|Any CPU.Build.0 = Debug|Any CPU
		{9420E3AE-C9B4-4C7D-A35D-90870830B8D8}.Release|Any CPU.ActiveCfg = Release|Any CPU
		{9420E3AE-C9B4-4C7D-A35D-90870830B8D8}.Release|Any CPU.Build.0 = Release|Any CPU
	EndGlobalSection
	GlobalSection(SolutionProperties) = preSolution
		HideSolutionNode = FALSE
	EndGlobalSection
EndGlobal
